
Microsoft Visual Studio Solution File, Format Version 12.00
# Visual Studio 15
VisualStudioVersion = 15.0.28307.136
MinimumVisualStudioVersion = 10.0.40219.1
Project("{FAE04EC0-301F-11D3-BF4B-00C04F79EFBC}") = "InteractionBetweenForms", "InteractionBetweenForms.csproj", "{8A4A60D3-EA93-41BA-9A27-F08D1D253C40}"
EndProject
Global
	GlobalSection(SolutionConfigurationPlatforms) = preSolution
		Debug|Any CPU = Debug|Any CPU
		Release|Any CPU = Release|Any CPU
	EndGlobalSection
	GlobalSection(ProjectConfigurationPlatforms) = postSolution
		{8A4A60D3-EA93-41BA-9A27-F08D1D253C40}.Debug|Any CPU.ActiveCfg = Debug|Any CPU
		{8A4A60D3-EA93-41BA-9A27-F08D1D253C40}.Debug|Any CPU.Build.0 = Debug|Any CPU
		{8A4A60D3-EA93-41BA-9A27-F08D1D253C40}.Release|Any CPU.ActiveCfg = Release|Any CPU
		{8A4A60D3-EA93-41BA-9A27-F08D1D253C40}.Release|Any CPU.Build.0 = Release|Any CPU
	EndGlobalSection
	GlobalSection(SolutionProperties) = preSolution
		HideSolutionNode = FALSE
	EndGlobalSection
	GlobalSection(ExtensibilityGlobals) = postSolution
		SolutionGuid = {A9F0B391-E7F2-4208-9C25-534D326CA391}
	EndGlobalSection
EndGlobal
